// !$*UTF8*$!
{
	archiveVersion = 1;
	classes = {
	};
	objectVersion = 50;
	objects = {

/* Begin PBXBuildFile section */
		4535811D25F388C900E9B1BD /* Utilities.swift in Sources */ = {isa = PBXBuildFile; fileRef = 4535811C25F388C900E9B1BD /* Utilities.swift */; };
		458429A925F0F251006E2D72 /* AppDelegate.swift in Sources */ = {isa = PBXBuildFile; fileRef = 458429A825F0F251006E2D72 /* AppDelegate.swift */; };
		458429AB25F0F251006E2D72 /* SceneDelegate.swift in Sources */ = {isa = PBXBuildFile; fileRef = 458429AA25F0F251006E2D72 /* SceneDelegate.swift */; };
		458429B025F0F251006E2D72 /* Main.storyboard in Resources */ = {isa = PBXBuildFile; fileRef = 458429AE25F0F251006E2D72 /* Main.storyboard */; };
		458429B225F0F253006E2D72 /* Assets.xcassets in Resources */ = {isa = PBXBuildFile; fileRef = 458429B125F0F253006E2D72 /* Assets.xcassets */; };
		458429B525F0F253006E2D72 /* LaunchScreen.storyboard in Resources */ = {isa = PBXBuildFile; fileRef = 458429B325F0F253006E2D72 /* LaunchScreen.storyboard */; };
		458429CB25F0FE2E006E2D72 /* MainTabController.swift in Sources */ = {isa = PBXBuildFile; fileRef = 458429CA25F0FE2E006E2D72 /* MainTabController.swift */; };
		458429CE25F10471006E2D72 /* FeedController.swift in Sources */ = {isa = PBXBuildFile; fileRef = 458429CD25F10471006E2D72 /* FeedController.swift */; };
		458429D125F104B2006E2D72 /* ExploreController.swift in Sources */ = {isa = PBXBuildFile; fileRef = 458429D025F104B2006E2D72 /* ExploreController.swift */; };
		458429D425F104DB006E2D72 /* NotificationsController.swift in Sources */ = {isa = PBXBuildFile; fileRef = 458429D325F104DB006E2D72 /* NotificationsController.swift */; };
		458429D725F104EB006E2D72 /* ConversationController.swift in Sources */ = {isa = PBXBuildFile; fileRef = 458429D625F104EB006E2D72 /* ConversationController.swift */; };
		458429DA25F10FDF006E2D72 /* Extensions.swift in Sources */ = {isa = PBXBuildFile; fileRef = 458429D925F10FDF006E2D72 /* Extensions.swift */; };
		458429DE25F25329006E2D72 /* LoginViewController.swift in Sources */ = {isa = PBXBuildFile; fileRef = 458429DD25F25329006E2D72 /* LoginViewController.swift */; };
		458429E225F25411006E2D72 /* RegisterViewController.swift in Sources */ = {isa = PBXBuildFile; fileRef = 458429E125F25411006E2D72 /* RegisterViewController.swift */; };
/* End PBXBuildFile section */

/* Begin PBXFileReference section */
		4535811C25F388C900E9B1BD /* Utilities.swift */ = {isa = PBXFileReference; lastKnownFileType = sourcecode.swift; path = Utilities.swift; sourceTree = "<group>"; };
		458429A525F0F251006E2D72 /* TwitterCloneProject.app */ = {isa = PBXFileReference; explicitFileType = wrapper.application; includeInIndex = 0; path = TwitterCloneProject.app; sourceTree = BUILT_PRODUCTS_DIR; };
		458429A825F0F251006E2D72 /* AppDelegate.swift */ = {isa = PBXFileReference; lastKnownFileType = sourcecode.swift; path = AppDelegate.swift; sourceTree = "<group>"; };
		458429AA25F0F251006E2D72 /* SceneDelegate.swift */ = {isa = PBXFileReference; lastKnownFileType = sourcecode.swift; path = SceneDelegate.swift; sourceTree = "<group>"; };
		458429AF25F0F251006E2D72 /* Base */ = {isa = PBXFileReference; lastKnownFileType = file.storyboard; name = Base; path = Base.lproj/Main.storyboard; sourceTree = "<group>"; };
		458429B125F0F253006E2D72 /* Assets.xcassets */ = {isa = PBXFileReference; lastKnownFileType = folder.assetcatalog; path = Assets.xcassets; sourceTree = "<group>"; };
		458429B425F0F253006E2D72 /* Base */ = {isa = PBXFileReference; lastKnownFileType = file.storyboard; name = Base; path = Base.lproj/LaunchScreen.storyboard; sourceTree = "<group>"; };
		458429B625F0F253006E2D72 /* Info.plist */ = {isa = PBXFileReference; lastKnownFileType = text.plist.xml; path = Info.plist; sourceTree = "<group>"; };
		458429CA25F0FE2E006E2D72 /* MainTabController.swift */ = {isa = PBXFileReference; lastKnownFileType = sourcecode.swift; path = MainTabController.swift; sourceTree = "<group>"; };
		458429CD25F10471006E2D72 /* FeedController.swift */ = {isa = PBXFileReference; lastKnownFileType = sourcecode.swift; path = FeedController.swift; sourceTree = "<group>"; };
		458429D025F104B2006E2D72 /* ExploreController.swift */ = {isa = PBXFileReference; lastKnownFileType = sourcecode.swift; path = ExploreController.swift; sourceTree = "<group>"; };
		458429D325F104DB006E2D72 /* NotificationsController.swift */ = {isa = PBXFileReference; lastKnownFileType = sourcecode.swift; path = NotificationsController.swift; sourceTree = "<group>"; };
		458429D625F104EB006E2D72 /* ConversationController.swift */ = {isa = PBXFileReference; lastKnownFileType = sourcecode.swift; path = ConversationController.swift; sourceTree = "<group>"; };
		458429D925F10FDF006E2D72 /* Extensions.swift */ = {isa = PBXFileReference; lastKnownFileType = sourcecode.swift; path = Extensions.swift; sourceTree = "<group>"; };
		458429DD25F25329006E2D72 /* LoginViewController.swift */ = {isa = PBXFileReference; lastKnownFileType = sourcecode.swift; path = LoginViewController.swift; sourceTree = "<group>"; };
		458429E125F25411006E2D72 /* RegisterViewController.swift */ = {isa = PBXFileReference; lastKnownFileType = sourcecode.swift; path = RegisterViewController.swift; sourceTree = "<group>"; };
/* End PBXFileReference section */

/* Begin PBXFrameworksBuildPhase section */
		458429A225F0F251006E2D72 /* Frameworks */ = {
			isa = PBXFrameworksBuildPhase;
			buildActionMask = 2147483647;
			files = (
			);
			runOnlyForDeploymentPostprocessing = 0;
		};
/* End PBXFrameworksBuildPhase section */

/* Begin PBXGroup section */
		4584299C25F0F251006E2D72 = {
			isa = PBXGroup;
			children = (
				458429A725F0F251006E2D72 /* TwitterCloneProject */,
				458429A625F0F251006E2D72 /* Products */,
			);
			sourceTree = "<group>";
		};
		458429A625F0F251006E2D72 /* Products */ = {
			isa = PBXGroup;
			children = (
				458429A525F0F251006E2D72 /* TwitterCloneProject.app */,
			);
			name = Products;
			sourceTree = "<group>";
		};
		458429A725F0F251006E2D72 /* TwitterCloneProject */ = {
			isa = PBXGroup;
			children = (
				458429C825F0FD47006E2D72 /* Model */,
				458429C725F0FD45006E2D72 /* View */,
				458429C625F0FD43006E2D72 /* View Model */,
				458429C525F0FD41006E2D72 /* Controller */,
				458429C425F0FD36006E2D72 /* API */,
				458429C325F0FD2D006E2D72 /* Utils */,
				458429A825F0F251006E2D72 /* AppDelegate.swift */,
				458429AA25F0F251006E2D72 /* SceneDelegate.swift */,
				458429AE25F0F251006E2D72 /* Main.storyboard */,
				458429B125F0F253006E2D72 /* Assets.xcassets */,
				458429B325F0F253006E2D72 /* LaunchScreen.storyboard */,
				458429B625F0F253006E2D72 /* Info.plist */,
			);
			path = TwitterCloneProject;
			sourceTree = "<group>";
		};
		458429C325F0FD2D006E2D72 /* Utils */ = {
			isa = PBXGroup;
			children = (
				458429D925F10FDF006E2D72 /* Extensions.swift */,
				4535811C25F388C900E9B1BD /* Utilities.swift */,
			);
			path = Utils;
			sourceTree = "<group>";
		};
		458429C425F0FD36006E2D72 /* API */ = {
			isa = PBXGroup;
			children = (
			);
			path = API;
			sourceTree = "<group>";
		};
		458429C525F0FD41006E2D72 /* Controller */ = {
			isa = PBXGroup;
			children = (
				458429DC25F252F0006E2D72 /* Authentication */,
				458429CA25F0FE2E006E2D72 /* MainTabController.swift */,
				458429CD25F10471006E2D72 /* FeedController.swift */,
				458429D025F104B2006E2D72 /* ExploreController.swift */,
				458429D325F104DB006E2D72 /* NotificationsController.swift */,
				458429D625F104EB006E2D72 /* ConversationController.swift */,
			);
			path = Controller;
			sourceTree = "<group>";
		};
		458429C625F0FD43006E2D72 /* View Model */ = {
			isa = PBXGroup;
			children = (
			);
			path = "View Model";
			sourceTree = "<group>";
		};
		458429C725F0FD45006E2D72 /* View */ = {
			isa = PBXGroup;
			children = (
			);
			path = View;
			sourceTree = "<group>";
		};
		458429C825F0FD47006E2D72 /* Model */ = {
			isa = PBXGroup;
			children = (
			);
			path = Model;
			sourceTree = "<group>";
		};
		458429DC25F252F0006E2D72 /* Authentication */ = {
			isa = PBXGroup;
			children = (
				458429DD25F25329006E2D72 /* LoginViewController.swift */,
				458429E125F25411006E2D72 /* RegisterViewController.swift */,
			);
			path = Authentication;
			sourceTree = "<group>";
		};
/* End PBXGroup section */

/* Begin PBXNativeTarget section */
		458429A425F0F251006E2D72 /* TwitterCloneProject */ = {
			isa = PBXNativeTarget;
			buildConfigurationList = 458429B925F0F253006E2D72 /* Build configuration list for PBXNativeTarget "TwitterCloneProject" */;
			buildPhases = (
				458429A125F0F251006E2D72 /* Sources */,
				458429A225F0F251006E2D72 /* Frameworks */,
				458429A325F0F251006E2D72 /* Resources */,
			);
			buildRules = (
			);
			dependencies = (
			);
			name = TwitterCloneProject;
			productName = TwitterCloneProject;
			productReference = 458429A525F0F251006E2D72 /* TwitterCloneProject.app */;
			productType = "com.apple.product-type.application";
		};
/* End PBXNativeTarget section */

/* Begin PBXProject section */
		4584299D25F0F251006E2D72 /* Project object */ = {
			isa = PBXProject;
			attributes = {
				LastSwiftUpdateCheck = 1220;
				LastUpgradeCheck = 1220;
				TargetAttributes = {
					458429A425F0F251006E2D72 = {
						CreatedOnToolsVersion = 12.2;
					};
				};
			};
			buildConfigurationList = 458429A025F0F251006E2D72 /* Build configuration list for PBXProject "TwitterCloneProject" */;
			compatibilityVersion = "Xcode 9.3";
			developmentRegion = en;
			hasScannedForEncodings = 0;
			knownRegions = (
				en,
				Base,
			);
			mainGroup = 4584299C25F0F251006E2D72;
			productRefGroup = 458429A625F0F251006E2D72 /* Products */;
			projectDirPath = "";
			projectRoot = "";
			targets = (
				458429A425F0F251006E2D72 /* TwitterCloneProject */,
			);
		};
/* End PBXProject section */

/* Begin PBXResourcesBuildPhase section */
		458429A325F0F251006E2D72 /* Resources */ = {
			isa = PBXResourcesBuildPhase;
			buildActionMask = 2147483647;
			files = (
				458429B525F0F253006E2D72 /* LaunchScreen.storyboard in Resources */,
				458429B225F0F253006E2D72 /* Assets.xcassets in Resources */,
				458429B025F0F251006E2D72 /* Main.storyboard in Resources */,
			);
			runOnlyForDeploymentPostprocessing = 0;
		};
/* End PBXResourcesBuildPhase section */

/* Begin PBXSourcesBuildPhase section */
		458429A125F0F251006E2D72 /* Sources */ = {
			isa = PBXSourcesBuildPhase;
			buildActionMask = 2147483647;
			files = (
				458429D425F104DB006E2D72 /* NotificationsController.swift in Sources */,
				458429E225F25411006E2D72 /* RegisterViewController.swift in Sources */,
				4535811D25F388C900E9B1BD /* Utilities.swift in Sources */,
				458429A925F0F251006E2D72 /* AppDelegate.swift in Sources */,
				458429D125F104B2006E2D72 /* ExploreController.swift in Sources */,
				458429DA25F10FDF006E2D72 /* Extensions.swift in Sources */,
				458429AB25F0F251006E2D72 /* SceneDelegate.swift in Sources */,
				458429CB25F0FE2E006E2D72 /* MainTabController.swift in Sources */,
				458429DE25F25329006E2D72 /* LoginViewController.swift in Sources */,
				458429D725F104EB006E2D72 /* ConversationController.swift in Sources */,
				458429CE25F10471006E2D72 /* FeedController.swift in Sources */,
			);
			runOnlyForDeploymentPostprocessing = 0;
		};
/* End PBXSourcesBuildPhase section */

/* Begin PBXVariantGroup section */
		458429AE25F0F251006E2D72 /* Main.storyboard */ = {
			isa = PBXVariantGroup;
			children = (
				458429AF25F0F251006E2D72 /* Base */,
			);
			name = Main.storyboard;
			sourceTree = "<group>";
		};
		458429B325F0F253006E2D72 /* LaunchScreen.storyboard */ = {
			isa = PBXVariantGroup;
			children = (
				458429B425F0F253006E2D72 /* Base */,
			);
			name = LaunchScreen.storyboard;
			sourceTree = "<group>";
		};
/* End PBXVariantGroup section */

/* Begin XCBuildConfiguration section */
		458429B725F0F253006E2D72 /* Debug */ = {
			isa = XCBuildConfiguration;
			buildSettings = {
				ALWAYS_SEARCH_USER_PATHS = NO;
				CLANG_ANALYZER_NONNULL = YES;
				CLANG_ANALYZER_NUMBER_OBJECT_CONVERSION = YES_AGGRESSIVE;
				CLANG_CXX_LANGUAGE_STANDARD = "gnu++14";
				CLANG_CXX_LIBRARY = "libc++";
				CLANG_ENABLE_MODULES = YES;
				CLANG_ENABLE_OBJC_ARC = YES;
				CLANG_ENABLE_OBJC_WEAK = YES;
				CLANG_WARN_BLOCK_CAPTURE_AUTORELEASING = YES;
				CLANG_WARN_BOOL_CONVERSION = YES;
				CLANG_WARN_COMMA = YES;
				CLANG_WARN_CONSTANT_CONVERSION = YES;
				CLANG_WARN_DEPRECATED_OBJC_IMPLEMENTATIONS = YES;
				CLANG_WARN_DIRECT_OBJC_ISA_USAGE = YES_ERROR;
				CLANG_WARN_DOCUMENTATION_COMMENTS = YES;
				CLANG_WARN_EMPTY_BODY = YES;
				CLANG_WARN_ENUM_CONVERSION = YES;
				CLANG_WARN_INFINITE_RECURSION = YES;
				CLANG_WARN_INT_CONVERSION = YES;
				CLANG_WARN_NON_LITERAL_NULL_CONVERSION = YES;
				CLANG_WARN_OBJC_IMPLICIT_RETAIN_SELF = YES;
				CLANG_WARN_OBJC_LITERAL_CONVERSION = YES;
				CLANG_WARN_OBJC_ROOT_CLASS = YES_ERROR;
				CLANG_WARN_QUOTED_INCLUDE_IN_FRAMEWORK_HEADER = YES;
				CLANG_WARN_RANGE_LOOP_ANALYSIS = YES;
				CLANG_WARN_STRICT_PROTOTYPES = YES;
				CLANG_WARN_SUSPICIOUS_MOVE = YES;
				CLANG_WARN_UNGUARDED_AVAILABILITY = YES_AGGRESSIVE;
				CLANG_WARN_UNREACHABLE_CODE = YES;
				CLANG_WARN__DUPLICATE_METHOD_MATCH = YES;
				COPY_PHASE_STRIP = NO;
				DEBUG_INFORMATION_FORMAT = dwarf;
				ENABLE_STRICT_OBJC_MSGSEND = YES;
				ENABLE_TESTABILITY = YES;
				GCC_C_LANGUAGE_STANDARD = gnu11;
				GCC_DYNAMIC_NO_PIC = NO;
				GCC_NO_COMMON_BLOCKS = YES;
				GCC_OPTIMIZATION_LEVEL = 0;
				GCC_PREPROCESSOR_DEFINITIONS = (
					"DEBUG=1",
					"$(inherited)",
				);
				GCC_WARN_64_TO_32_BIT_CONVERSION = YES;
				GCC_WARN_ABOUT_RETURN_TYPE = YES_ERROR;
				GCC_WARN_UNDECLARED_SELECTOR = YES;
				GCC_WARN_UNINITIALIZED_AUTOS = YES_AGGRESSIVE;
				GCC_WARN_UNUSED_FUNCTION = YES;
				GCC_WARN_UNUSED_VARIABLE = YES;
				IPHONEOS_DEPLOYMENT_TARGET = 14.2;
				MTL_ENABLE_DEBUG_INFO = INCLUDE_SOURCE;
				MTL_FAST_MATH = YES;
				ONLY_ACTIVE_ARCH = YES;
				SDKROOT = iphoneos;
				SWIFT_ACTIVE_COMPILATION_CONDITIONS = DEBUG;
				SWIFT_OPTIMIZATION_LEVEL = "-Onone";
			};
			name = Debug;
		};
		458429B825F0F253006E2D72 /* Release */ = {
			isa = XCBuildConfiguration;
			buildSettings = {
				ALWAYS_SEARCH_USER_PATHS = NO;
				CLANG_ANALYZER_NONNULL = YES;
				CLANG_ANALYZER_NUMBER_OBJECT_CONVERSION = YES_AGGRESSIVE;
				CLANG_CXX_LANGUAGE_STANDARD = "gnu++14";
				CLANG_CXX_LIBRARY = "libc++";
				CLANG_ENABLE_MODULES = YES;
				CLANG_ENABLE_OBJC_ARC = YES;
				CLANG_ENABLE_OBJC_WEAK = YES;
				CLANG_WARN_BLOCK_CAPTURE_AUTORELEASING = YES;
				CLANG_WARN_BOOL_CONVERSION = YES;
				CLANG_WARN_COMMA = YES;
				CLANG_WARN_CONSTANT_CONVERSION = YES;
				CLANG_WARN_DEPRECATED_OBJC_IMPLEMENTATIONS = YES;
				CLANG_WARN_DIRECT_OBJC_ISA_USAGE = YES_ERROR;
				CLANG_WARN_DOCUMENTATION_COMMENTS = YES;
				CLANG_WARN_EMPTY_BODY = YES;
				CLANG_WARN_ENUM_CONVERSION = YES;
				CLANG_WARN_INFINITE_RECURSION = YES;
				CLANG_WARN_INT_CONVERSION = YES;
				CLANG_WARN_NON_LITERAL_NULL_CONVERSION = YES;
				CLANG_WARN_OBJC_IMPLICIT_RETAIN_SELF = YES;
				CLANG_WARN_OBJC_LITERAL_CONVERSION = YES;
				CLANG_WARN_OBJC_ROOT_CLASS = YES_ERROR;
				CLANG_WARN_QUOTED_INCLUDE_IN_FRAMEWORK_HEADER = YES;
				CLANG_WARN_RANGE_LOOP_ANALYSIS = YES;
				CLANG_WARN_STRICT_PROTOTYPES = YES;
				CLANG_WARN_SUSPICIOUS_MOVE = YES;
				CLANG_WARN_UNGUARDED_AVAILABILITY = YES_AGGRESSIVE;
				CLANG_WARN_UNREACHABLE_CODE = YES;
				CLANG_WARN__DUPLICATE_METHOD_MATCH = YES;
				COPY_PHASE_STRIP = NO;
				DEBUG_INFORMATION_FORMAT = "dwarf-with-dsym";
				ENABLE_NS_ASSERTIONS = NO;
				ENABLE_STRICT_OBJC_MSGSEND = YES;
				GCC_C_LANGUAGE_STANDARD = gnu11;
				GCC_NO_COMMON_BLOCKS = YES;
				GCC_WARN_64_TO_32_BIT_CONVERSION = YES;
				GCC_WARN_ABOUT_RETURN_TYPE = YES_ERROR;
				GCC_WARN_UNDECLARED_SELECTOR = YES;
				GCC_WARN_UNINITIALIZED_AUTOS = YES_AGGRESSIVE;
				GCC_WARN_UNUSED_FUNCTION = YES;
				GCC_WARN_UNUSED_VARIABLE = YES;
				IPHONEOS_DEPLOYMENT_TARGET = 14.2;
				MTL_ENABLE_DEBUG_INFO = NO;
				MTL_FAST_MATH = YES;
				SDKROOT = iphoneos;
				SWIFT_COMPILATION_MODE = wholemodule;
				SWIFT_OPTIMIZATION_LEVEL = "-O";
				VALIDATE_PRODUCT = YES;
			};
			name = Release;
		};
		458429BA25F0F253006E2D72 /* Debug */ = {
			isa = XCBuildConfiguration;
			buildSettings = {
				ASSETCATALOG_COMPILER_APPICON_NAME = AppIcon;
				ASSETCATALOG_COMPILER_GLOBAL_ACCENT_COLOR_NAME = AccentColor;
				CODE_SIGN_STYLE = Automatic;
				DEVELOPMENT_TEAM = 433LH3TNXX;
				INFOPLIST_FILE = TwitterCloneProject/Info.plist;
				LD_RUNPATH_SEARCH_PATHS = (
					"$(inherited)",
					"@executable_path/Frameworks",
				);
				PRODUCT_BUNDLE_IDENTIFIER = com.yeonBlue.TwitterCloneProject;
				PRODUCT_NAME = "$(TARGET_NAME)";
				SWIFT_VERSION = 5.0;
				TARGETED_DEVICE_FAMILY = "1,2";
			};
			name = Debug;
		};
		458429BB25F0F253006E2D72 /* Release */ = {
			isa = XCBuildConfiguration;
			buildSettings = {
				ASSETCATALOG_COMPILER_APPICON_NAME = AppIcon;
				ASSETCATALOG_COMPILER_GLOBAL_ACCENT_COLOR_NAME = AccentColor;
				CODE_SIGN_STYLE = Automatic;
				DEVELOPMENT_TEAM = 433LH3TNXX;
				INFOPLIST_FILE = TwitterCloneProject/Info.plist;
				LD_RUNPATH_SEARCH_PATHS = (
					"$(inherited)",
					"@executable_path/Frameworks",
				);
				PRODUCT_BUNDLE_IDENTIFIER = com.yeonBlue.TwitterCloneProject;
				PRODUCT_NAME = "$(TARGET_NAME)";
				SWIFT_VERSION = 5.0;
				TARGETED_DEVICE_FAMILY = "1,2";
			};
			name = Release;
		};
/* End XCBuildConfiguration section */

/* Begin XCConfigurationList section */
		458429A025F0F251006E2D72 /* Build configuration list for PBXProject "TwitterCloneProject" */ = {
			isa = XCConfigurationList;
			buildConfigurations = (
				458429B725F0F253006E2D72 /* Debug */,
				458429B825F0F253006E2D72 /* Release */,
			);
			defaultConfigurationIsVisible = 0;
			defaultConfigurationName = Release;
		};
		458429B925F0F253006E2D72 /* Build configuration list for PBXNativeTarget "TwitterCloneProject" */ = {
			isa = XCConfigurationList;
			buildConfigurations = (
				458429BA25F0F253006E2D72 /* Debug */,
				458429BB25F0F253006E2D72 /* Release */,
			);
			defaultConfigurationIsVisible = 0;
			defaultConfigurationName = Release;
		};
/* End XCConfigurationList section */
	};
	rootObject = 4584299D25F0F251006E2D72 /* Project object */;
}
